// !$*UTF8*$!
{
	archiveVersion = 1;
	classes = {
	};
	objectVersion = 50;
	objects = {

/* Begin PBXBuildFile section */
		063D7B9423F245FD00758D82 /* EyeCuePlayer.xcdatamodeld in Sources */ = {isa = PBXBuildFile; fileRef = 063D7B9223F245FD00758D82 /* EyeCuePlayer.xcdatamodeld */; };
		063D7B9623F245FE00758D82 /* Assets.xcassets in Resources */ = {isa = PBXBuildFile; fileRef = 063D7B9523F245FE00758D82 /* Assets.xcassets */; };
		063D7B9923F245FE00758D82 /* LaunchScreen.storyboard in Resources */ = {isa = PBXBuildFile; fileRef = 063D7B9723F245FE00758D82 /* LaunchScreen.storyboard */; };
		063D7BA423F2470600758D82 /* Notes.swift in Sources */ = {isa = PBXBuildFile; fileRef = 063D7BA023F2470600758D82 /* Notes.swift */; };
		063D7BA523F2470600758D82 /* AppDelegate.swift in Sources */ = {isa = PBXBuildFile; fileRef = 063D7BA123F2470600758D82 /* AppDelegate.swift */; };
		063D7BA623F2470600758D82 /* AppLifecycle.swift in Sources */ = {isa = PBXBuildFile; fileRef = 063D7BA223F2470600758D82 /* AppLifecycle.swift */; };
		063D7BA723F2470600758D82 /* Extensions.swift in Sources */ = {isa = PBXBuildFile; fileRef = 063D7BA323F2470600758D82 /* Extensions.swift */; };
		063D7BAE23F2479D00758D82 /* CoreVars.swift in Sources */ = {isa = PBXBuildFile; fileRef = 063D7BA923F2479D00758D82 /* CoreVars.swift */; };
		063D7BAF23F2479D00758D82 /* UIVars.swift in Sources */ = {isa = PBXBuildFile; fileRef = 063D7BAA23F2479D00758D82 /* UIVars.swift */; };
		063D7BB023F2479D00758D82 /* MediaVars.swift in Sources */ = {isa = PBXBuildFile; fileRef = 063D7BAB23F2479D00758D82 /* MediaVars.swift */; };
		063D7BB123F2479D00758D82 /* GlobalFuncs.swift in Sources */ = {isa = PBXBuildFile; fileRef = 063D7BAC23F2479D00758D82 /* GlobalFuncs.swift */; };
		063D7BB223F2479D00758D82 /* Colors&Images.swift in Sources */ = {isa = PBXBuildFile; fileRef = 063D7BAD23F2479D00758D82 /* Colors&Images.swift */; };
		063D7BC023F2484A00758D82 /* HomeVCUI.swift in Sources */ = {isa = PBXBuildFile; fileRef = 063D7BB423F2484A00758D82 /* HomeVCUI.swift */; };
		063D7BC123F2484A00758D82 /* HomeVCLife.swift in Sources */ = {isa = PBXBuildFile; fileRef = 063D7BB523F2484A00758D82 /* HomeVCLife.swift */; };
		063D7BC223F2484A00758D82 /* HomeVC.swift in Sources */ = {isa = PBXBuildFile; fileRef = 063D7BB623F2484A00758D82 /* HomeVC.swift */; };
		063D7BC323F2484A00758D82 /* HomeVCSetup.swift in Sources */ = {isa = PBXBuildFile; fileRef = 063D7BB723F2484A00758D82 /* HomeVCSetup.swift */; };
		063D7BC423F2484A00758D82 /* VideoCell.swift in Sources */ = {isa = PBXBuildFile; fileRef = 063D7BB923F2484A00758D82 /* VideoCell.swift */; };
		063D7BC523F2484A00758D82 /* VideoCellSetup.swift in Sources */ = {isa = PBXBuildFile; fileRef = 063D7BBA23F2484A00758D82 /* VideoCellSetup.swift */; };
		063D7BC623F2484A00758D82 /* BaseCell.swift in Sources */ = {isa = PBXBuildFile; fileRef = 063D7BBB23F2484A00758D82 /* BaseCell.swift */; };
		063D7BC723F2484A00758D82 /* MenuCell.swift in Sources */ = {isa = PBXBuildFile; fileRef = 063D7BBC23F2484A00758D82 /* MenuCell.swift */; };
		063D7BC823F2484A00758D82 /* TapFCellButtons.swift in Sources */ = {isa = PBXBuildFile; fileRef = 063D7BBD23F2484A00758D82 /* TapFCellButtons.swift */; };
		063D7BC923F2484A00758D82 /* FeedCell.swift in Sources */ = {isa = PBXBuildFile; fileRef = 063D7BBE23F2484A00758D82 /* FeedCell.swift */; };
		063D7BCA23F2484A00758D82 /* TapFeedCell.swift in Sources */ = {isa = PBXBuildFile; fileRef = 063D7BBF23F2484A00758D82 /* TapFeedCell.swift */; };
		063D7C0E23F248F200758D82 /* CachedImgView.swift in Sources */ = {isa = PBXBuildFile; fileRef = 063D7BCC23F248F100758D82 /* CachedImgView.swift */; };
		063D7C0F23F248F200758D82 /* SaveDocument.swift in Sources */ = {isa = PBXBuildFile; fileRef = 063D7BCD23F248F100758D82 /* SaveDocument.swift */; };
		063D7C1023F248F200758D82 /* APIService.swift in Sources */ = {isa = PBXBuildFile; fileRef = 063D7BCF23F248F100758D82 /* APIService.swift */; };
		063D7C1123F248F200758D82 /* Feeds1toN.swift in Sources */ = {isa = PBXBuildFile; fileRef = 063D7BD023F248F100758D82 /* Feeds1toN.swift */; };
		063D7C1223F248F200758D82 /* Video.swift in Sources */ = {isa = PBXBuildFile; fileRef = 063D7BD123F248F100758D82 /* Video.swift */; };
		063D7C1323F248F200758D82 /* SliderTimer(CurrentlyInactive).swift in Sources */ = {isa = PBXBuildFile; fileRef = 063D7BD323F248F100758D82 /* SliderTimer(CurrentlyInactive).swift */; };
		063D7C1423F248F200758D82 /* Timer(CurrentlyInactive).swift in Sources */ = {isa = PBXBuildFile; fileRef = 063D7BD423F248F100758D82 /* Timer(CurrentlyInactive).swift */; };
		063D7C1523F248F200758D82 /* SlowMoController.swift in Sources */ = {isa = PBXBuildFile; fileRef = 063D7BD523F248F100758D82 /* SlowMoController.swift */; };
		063D7C1623F248F200758D82 /* InactiveVisuals.swift in Sources */ = {isa = PBXBuildFile; fileRef = 063D7BD623F248F100758D82 /* InactiveVisuals.swift */; };
		063D7C1723F248F200758D82 /* MessageUI.swift in Sources */ = {isa = PBXBuildFile; fileRef = 063D7BD923F248F100758D82 /* MessageUI.swift */; };
		063D7C1823F248F200758D82 /* MessageVC.swift in Sources */ = {isa = PBXBuildFile; fileRef = 063D7BDA23F248F100758D82 /* MessageVC.swift */; };
		063D7C1923F248F200758D82 /* Transitions.swift in Sources */ = {isa = PBXBuildFile; fileRef = 063D7BDB23F248F100758D82 /* Transitions.swift */; };
		063D7C1A23F248F200758D82 /* TransVisuals.swift in Sources */ = {isa = PBXBuildFile; fileRef = 063D7BDC23F248F100758D82 /* TransVisuals.swift */; };
		063D7C1B23F248F200758D82 /* Tap.swift in Sources */ = {isa = PBXBuildFile; fileRef = 063D7BDE23F248F100758D82 /* Tap.swift */; };
		063D7C1C23F248F200758D82 /* SlideSeek.swift in Sources */ = {isa = PBXBuildFile; fileRef = 063D7BDF23F248F100758D82 /* SlideSeek.swift */; };
		063D7C1D23F248F200758D82 /* SwipeRight.swift in Sources */ = {isa = PBXBuildFile; fileRef = 063D7BE023F248F100758D82 /* SwipeRight.swift */; };
		063D7C1E23F248F200758D82 /* SwipeLeft.swift in Sources */ = {isa = PBXBuildFile; fileRef = 063D7BE123F248F100758D82 /* SwipeLeft.swift */; };
		063D7C1F23F248F200758D82 /* Pinch.swift in Sources */ = {isa = PBXBuildFile; fileRef = 063D7BE223F248F100758D82 /* Pinch.swift */; };
		063D7C2023F248F200758D82 /* LongPress.swift in Sources */ = {isa = PBXBuildFile; fileRef = 063D7BE323F248F100758D82 /* LongPress.swift */; };
		063D7C2123F248F200758D82 /* SwipeVertical.swift in Sources */ = {isa = PBXBuildFile; fileRef = 063D7BE423F248F100758D82 /* SwipeVertical.swift */; };
		063D7C2223F248F200758D82 /* AddGestures.swift in Sources */ = {isa = PBXBuildFile; fileRef = 063D7BE523F248F100758D82 /* AddGestures.swift */; };
		063D7C2323F248F200758D82 /* TapToConvert.swift in Sources */ = {isa = PBXBuildFile; fileRef = 063D7BE723F248F100758D82 /* TapToConvert.swift */; };
		063D7C2423F248F200758D82 /* Calibrate.swift in Sources */ = {isa = PBXBuildFile; fileRef = 063D7BE823F248F100758D82 /* Calibrate.swift */; };
		063D7C2523F248F200758D82 /* PixelDetector.swift in Sources */ = {isa = PBXBuildFile; fileRef = 063D7BE923F248F100758D82 /* PixelDetector.swift */; };
		063D7C2623F248F200758D82 /* Cleanup.swift in Sources */ = {isa = PBXBuildFile; fileRef = 063D7BEA23F248F100758D82 /* Cleanup.swift */; };
		063D7C2723F248F200758D82 /* SlideCalibrate.swift in Sources */ = {isa = PBXBuildFile; fileRef = 063D7BEB23F248F100758D82 /* SlideCalibrate.swift */; };
		063D7C2823F248F200758D82 /* SliderController.swift in Sources */ = {isa = PBXBuildFile; fileRef = 063D7BED23F248F100758D82 /* SliderController.swift */; };
		063D7C2923F248F200758D82 /* VideoVC.swift in Sources */ = {isa = PBXBuildFile; fileRef = 063D7BEE23F248F100758D82 /* VideoVC.swift */; };
		063D7C2A23F248F200758D82 /* VideoPlayerView.swift in Sources */ = {isa = PBXBuildFile; fileRef = 063D7BEF23F248F100758D82 /* VideoPlayerView.swift */; };
		063D7C2B23F248F200758D82 /* VideoViewSetup.swift in Sources */ = {isa = PBXBuildFile; fileRef = 063D7BF023F248F100758D82 /* VideoViewSetup.swift */; };
		063D7C2C23F248F200758D82 /* Latch.swift in Sources */ = {isa = PBXBuildFile; fileRef = 063D7BF223F248F100758D82 /* Latch.swift */; };
		063D7C2D23F248F200758D82 /* Timer.swift in Sources */ = {isa = PBXBuildFile; fileRef = 063D7BF323F248F100758D82 /* Timer.swift */; };
		063D7C2E23F248F200758D82 /* Sounds.swift in Sources */ = {isa = PBXBuildFile; fileRef = 063D7BF423F248F100758D82 /* Sounds.swift */; };
		063D7C2F23F248F200758D82 /* PlayButton.swift in Sources */ = {isa = PBXBuildFile; fileRef = 063D7BF523F248F100758D82 /* PlayButton.swift */; };
		063D7C3023F248F200758D82 /* Prints.swift in Sources */ = {isa = PBXBuildFile; fileRef = 063D7BF623F248F100758D82 /* Prints.swift */; };
		063D7C3123F248F200758D82 /* Corrections.swift in Sources */ = {isa = PBXBuildFile; fileRef = 063D7BF723F248F100758D82 /* Corrections.swift */; };
		063D7C3223F248F200758D82 /* PlayBackwards.swift in Sources */ = {isa = PBXBuildFile; fileRef = 063D7BF923F248F100758D82 /* PlayBackwards.swift */; };
		063D7C3323F248F200758D82 /* Parameters.swift in Sources */ = {isa = PBXBuildFile; fileRef = 063D7BFA23F248F100758D82 /* Parameters.swift */; };
		063D7C3423F248F200758D82 /* Seek.swift in Sources */ = {isa = PBXBuildFile; fileRef = 063D7BFB23F248F100758D82 /* Seek.swift */; };
		063D7C3523F248F200758D82 /* PlayerLife.swift in Sources */ = {isa = PBXBuildFile; fileRef = 063D7BFC23F248F100758D82 /* PlayerLife.swift */; };
		063D7C3623F248F200758D82 /* ProgBar.swift in Sources */ = {isa = PBXBuildFile; fileRef = 063D7BFD23F248F100758D82 /* ProgBar.swift */; };
		063D7C3723F248F200758D82 /* Pause.swift in Sources */ = {isa = PBXBuildFile; fileRef = 063D7BFE23F248F100758D82 /* Pause.swift */; };
		063D7C3823F248F200758D82 /* PlayForward.swift in Sources */ = {isa = PBXBuildFile; fileRef = 063D7BFF23F248F100758D82 /* PlayForward.swift */; };
		063D7C3923F248F200758D82 /*  loadingScreen.m4v in Resources */ = {isa = PBXBuildFile; fileRef = 063D7C0123F248F200758D82 /*  loadingScreen.m4v */; };
		063D7C3A23F248F200758D82 /* Funk.mp3 in Resources */ = {isa = PBXBuildFile; fileRef = 063D7C0223F248F200758D82 /* Funk.mp3 */; };
		063D7C3B23F248F200758D82 /* AltSettingsPanel.swift in Sources */ = {isa = PBXBuildFile; fileRef = 063D7C0423F248F200758D82 /* AltSettingsPanel.swift */; };
		063D7C3C23F248F200758D82 /* SettingsPanel.swift in Sources */ = {isa = PBXBuildFile; fileRef = 063D7C0523F248F200758D82 /* SettingsPanel.swift */; };
		063D7C3D23F248F200758D82 /* SettingsView.swift in Sources */ = {isa = PBXBuildFile; fileRef = 063D7C0723F248F200758D82 /* SettingsView.swift */; };
		063D7C3E23F248F200758D82 /* MenuBar.swift in Sources */ = {isa = PBXBuildFile; fileRef = 063D7C0823F248F200758D82 /* MenuBar.swift */; };
		063D7C3F23F248F200758D82 /* SliderView.swift in Sources */ = {isa = PBXBuildFile; fileRef = 063D7C0923F248F200758D82 /* SliderView.swift */; };
		063D7C4023F248F200758D82 /* Settings.swift in Sources */ = {isa = PBXBuildFile; fileRef = 063D7C0A23F248F200758D82 /* Settings.swift */; };
		063D7C4123F248F200758D82 /* SettingsSetup.swift in Sources */ = {isa = PBXBuildFile; fileRef = 063D7C0B23F248F200758D82 /* SettingsSetup.swift */; };
		063D7C4223F248F200758D82 /* MenuTap&HBar.swift in Sources */ = {isa = PBXBuildFile; fileRef = 063D7C0C23F248F200758D82 /* MenuTap&HBar.swift */; };
		063D7C4323F248F200758D82 /* MessageView.swift in Sources */ = {isa = PBXBuildFile; fileRef = 063D7C0D23F248F200758D82 /* MessageView.swift */; };
		06FAD3FC2404DE3900CF3E45 /* CalibrationVars.swift in Sources */ = {isa = PBXBuildFile; fileRef = 06FAD3FB2404DE3900CF3E45 /* CalibrationVars.swift */; };
		06FAD3FE2404E34E00CF3E45 /* ControlVars.swift in Sources */ = {isa = PBXBuildFile; fileRef = 06FAD3FD2404E34E00CF3E45 /* ControlVars.swift */; };
/* End PBXBuildFile section */

/* Begin PBXFileReference section */
		063D7B8623F245FD00758D82 /* EyeCuePlayer.app */ = {isa = PBXFileReference; explicitFileType = wrapper.application; includeInIndex = 0; path = EyeCuePlayer.app; sourceTree = BUILT_PRODUCTS_DIR; };
		063D7B9323F245FD00758D82 /* EyeCuePlayer.xcdatamodel */ = {isa = PBXFileReference; lastKnownFileType = wrapper.xcdatamodel; path = EyeCuePlayer.xcdatamodel; sourceTree = "<group>"; };
		063D7B9523F245FE00758D82 /* Assets.xcassets */ = {isa = PBXFileReference; lastKnownFileType = folder.assetcatalog; path = Assets.xcassets; sourceTree = "<group>"; };
		063D7B9823F245FE00758D82 /* Base */ = {isa = PBXFileReference; lastKnownFileType = file.storyboard; name = Base; path = Base.lproj/LaunchScreen.storyboard; sourceTree = "<group>"; };
		063D7B9A23F245FE00758D82 /* Info.plist */ = {isa = PBXFileReference; lastKnownFileType = text.plist.xml; path = Info.plist; sourceTree = "<group>"; };
		063D7BA023F2470600758D82 /* Notes.swift */ = {isa = PBXFileReference; fileEncoding = 4; lastKnownFileType = sourcecode.swift; name = Notes.swift; path = EyeCuePlayer/Notes.swift; sourceTree = "<group>"; };
		063D7BA123F2470600758D82 /* AppDelegate.swift */ = {isa = PBXFileReference; fileEncoding = 4; lastKnownFileType = sourcecode.swift; name = AppDelegate.swift; path = EyeCuePlayer/AppDelegate.swift; sourceTree = "<group>"; };
		063D7BA223F2470600758D82 /* AppLifecycle.swift */ = {isa = PBXFileReference; fileEncoding = 4; lastKnownFileType = sourcecode.swift; name = AppLifecycle.swift; path = EyeCuePlayer/AppLifecycle.swift; sourceTree = "<group>"; };
		063D7BA323F2470600758D82 /* Extensions.swift */ = {isa = PBXFileReference; fileEncoding = 4; lastKnownFileType = sourcecode.swift; name = Extensions.swift; path = EyeCuePlayer/Extensions.swift; sourceTree = "<group>"; };
		063D7BA923F2479D00758D82 /* CoreVars.swift */ = {isa = PBXFileReference; fileEncoding = 4; lastKnownFileType = sourcecode.swift; path = CoreVars.swift; sourceTree = "<group>"; };
		063D7BAA23F2479D00758D82 /* UIVars.swift */ = {isa = PBXFileReference; fileEncoding = 4; lastKnownFileType = sourcecode.swift; path = UIVars.swift; sourceTree = "<group>"; };
		063D7BAB23F2479D00758D82 /* MediaVars.swift */ = {isa = PBXFileReference; fileEncoding = 4; lastKnownFileType = sourcecode.swift; path = MediaVars.swift; sourceTree = "<group>"; };
		063D7BAC23F2479D00758D82 /* GlobalFuncs.swift */ = {isa = PBXFileReference; fileEncoding = 4; lastKnownFileType = sourcecode.swift; path = GlobalFuncs.swift; sourceTree = "<group>"; };
		063D7BAD23F2479D00758D82 /* Colors&Images.swift */ = {isa = PBXFileReference; fileEncoding = 4; lastKnownFileType = sourcecode.swift; path = "Colors&Images.swift"; sourceTree = "<group>"; };
		063D7BB423F2484A00758D82 /* HomeVCUI.swift */ = {isa = PBXFileReference; fileEncoding = 4; lastKnownFileType = sourcecode.swift; path = HomeVCUI.swift; sourceTree = "<group>"; };
		063D7BB523F2484A00758D82 /* HomeVCLife.swift */ = {isa = PBXFileReference; fileEncoding = 4; lastKnownFileType = sourcecode.swift; path = HomeVCLife.swift; sourceTree = "<group>"; };
		063D7BB623F2484A00758D82 /* HomeVC.swift */ = {isa = PBXFileReference; fileEncoding = 4; lastKnownFileType = sourcecode.swift; path = HomeVC.swift; sourceTree = "<group>"; };
		063D7BB723F2484A00758D82 /* HomeVCSetup.swift */ = {isa = PBXFileReference; fileEncoding = 4; lastKnownFileType = sourcecode.swift; path = HomeVCSetup.swift; sourceTree = "<group>"; };
		063D7BB923F2484A00758D82 /* VideoCell.swift */ = {isa = PBXFileReference; fileEncoding = 4; lastKnownFileType = sourcecode.swift; path = VideoCell.swift; sourceTree = "<group>"; };
		063D7BBA23F2484A00758D82 /* VideoCellSetup.swift */ = {isa = PBXFileReference; fileEncoding = 4; lastKnownFileType = sourcecode.swift; path = VideoCellSetup.swift; sourceTree = "<group>"; };
		063D7BBB23F2484A00758D82 /* BaseCell.swift */ = {isa = PBXFileReference; fileEncoding = 4; lastKnownFileType = sourcecode.swift; path = BaseCell.swift; sourceTree = "<group>"; };
		063D7BBC23F2484A00758D82 /* MenuCell.swift */ = {isa = PBXFileReference; fileEncoding = 4; lastKnownFileType = sourcecode.swift; path = MenuCell.swift; sourceTree = "<group>"; };
		063D7BBD23F2484A00758D82 /* TapFCellButtons.swift */ = {isa = PBXFileReference; fileEncoding = 4; lastKnownFileType = sourcecode.swift; path = TapFCellButtons.swift; sourceTree = "<group>"; };
		063D7BBE23F2484A00758D82 /* FeedCell.swift */ = {isa = PBXFileReference; fileEncoding = 4; lastKnownFileType = sourcecode.swift; path = FeedCell.swift; sourceTree = "<group>"; };
		063D7BBF23F2484A00758D82 /* TapFeedCell.swift */ = {isa = PBXFileReference; fileEncoding = 4; lastKnownFileType = sourcecode.swift; path = TapFeedCell.swift; sourceTree = "<group>"; };
		063D7BCC23F248F100758D82 /* CachedImgView.swift */ = {isa = PBXFileReference; fileEncoding = 4; lastKnownFileType = sourcecode.swift; path = CachedImgView.swift; sourceTree = "<group>"; };
		063D7BCD23F248F100758D82 /* SaveDocument.swift */ = {isa = PBXFileReference; fileEncoding = 4; lastKnownFileType = sourcecode.swift; path = SaveDocument.swift; sourceTree = "<group>"; };
		063D7BCF23F248F100758D82 /* APIService.swift */ = {isa = PBXFileReference; fileEncoding = 4; lastKnownFileType = sourcecode.swift; path = APIService.swift; sourceTree = "<group>"; };
		063D7BD023F248F100758D82 /* Feeds1toN.swift */ = {isa = PBXFileReference; fileEncoding = 4; lastKnownFileType = sourcecode.swift; path = Feeds1toN.swift; sourceTree = "<group>"; };
		063D7BD123F248F100758D82 /* Video.swift */ = {isa = PBXFileReference; fileEncoding = 4; lastKnownFileType = sourcecode.swift; path = Video.swift; sourceTree = "<group>"; };
		063D7BD323F248F100758D82 /* SliderTimer(CurrentlyInactive).swift */ = {isa = PBXFileReference; fileEncoding = 4; lastKnownFileType = sourcecode.swift; path = "SliderTimer(CurrentlyInactive).swift"; sourceTree = "<group>"; };
		063D7BD423F248F100758D82 /* Timer(CurrentlyInactive).swift */ = {isa = PBXFileReference; fileEncoding = 4; lastKnownFileType = sourcecode.swift; path = "Timer(CurrentlyInactive).swift"; sourceTree = "<group>"; };
		063D7BD523F248F100758D82 /* SlowMoController.swift */ = {isa = PBXFileReference; fileEncoding = 4; lastKnownFileType = sourcecode.swift; path = SlowMoController.swift; sourceTree = "<group>"; };
		063D7BD623F248F100758D82 /* InactiveVisuals.swift */ = {isa = PBXFileReference; fileEncoding = 4; lastKnownFileType = sourcecode.swift; path = InactiveVisuals.swift; sourceTree = "<group>"; };
		063D7BD923F248F100758D82 /* MessageUI.swift */ = {isa = PBXFileReference; fileEncoding = 4; lastKnownFileType = sourcecode.swift; path = MessageUI.swift; sourceTree = "<group>"; };
		063D7BDA23F248F100758D82 /* MessageVC.swift */ = {isa = PBXFileReference; fileEncoding = 4; lastKnownFileType = sourcecode.swift; path = MessageVC.swift; sourceTree = "<group>"; };
		063D7BDB23F248F100758D82 /* Transitions.swift */ = {isa = PBXFileReference; fileEncoding = 4; lastKnownFileType = sourcecode.swift; path = Transitions.swift; sourceTree = "<group>"; };
		063D7BDC23F248F100758D82 /* TransVisuals.swift */ = {isa = PBXFileReference; fileEncoding = 4; lastKnownFileType = sourcecode.swift; path = TransVisuals.swift; sourceTree = "<group>"; };
		063D7BDE23F248F100758D82 /* Tap.swift */ = {isa = PBXFileReference; fileEncoding = 4; lastKnownFileType = sourcecode.swift; path = Tap.swift; sourceTree = "<group>"; };
		063D7BDF23F248F100758D82 /* SlideSeek.swift */ = {isa = PBXFileReference; fileEncoding = 4; lastKnownFileType = sourcecode.swift; path = SlideSeek.swift; sourceTree = "<group>"; };
		063D7BE023F248F100758D82 /* SwipeRight.swift */ = {isa = PBXFileReference; fileEncoding = 4; lastKnownFileType = sourcecode.swift; path = SwipeRight.swift; sourceTree = "<group>"; };
		063D7BE123F248F100758D82 /* SwipeLeft.swift */ = {isa = PBXFileReference; fileEncoding = 4; lastKnownFileType = sourcecode.swift; path = SwipeLeft.swift; sourceTree = "<group>"; };
		063D7BE223F248F100758D82 /* Pinch.swift */ = {isa = PBXFileReference; fileEncoding = 4; lastKnownFileType = sourcecode.swift; path = Pinch.swift; sourceTree = "<group>"; };
		063D7BE323F248F100758D82 /* LongPress.swift */ = {isa = PBXFileReference; fileEncoding = 4; lastKnownFileType = sourcecode.swift; path = LongPress.swift; sourceTree = "<group>"; };
		063D7BE423F248F100758D82 /* SwipeVertical.swift */ = {isa = PBXFileReference; fileEncoding = 4; lastKnownFileType = sourcecode.swift; path = SwipeVertical.swift; sourceTree = "<group>"; };
		063D7BE523F248F100758D82 /* AddGestures.swift */ = {isa = PBXFileReference; fileEncoding = 4; lastKnownFileType = sourcecode.swift; path = AddGestures.swift; sourceTree = "<group>"; };
		063D7BE723F248F100758D82 /* TapToConvert.swift */ = {isa = PBXFileReference; fileEncoding = 4; lastKnownFileType = sourcecode.swift; path = TapToConvert.swift; sourceTree = "<group>"; };
		063D7BE823F248F100758D82 /* Calibrate.swift */ = {isa = PBXFileReference; fileEncoding = 4; lastKnownFileType = sourcecode.swift; path = Calibrate.swift; sourceTree = "<group>"; };
		063D7BE923F248F100758D82 /* PixelDetector.swift */ = {isa = PBXFileReference; fileEncoding = 4; lastKnownFileType = sourcecode.swift; path = PixelDetector.swift; sourceTree = "<group>"; };
		063D7BEA23F248F100758D82 /* Cleanup.swift */ = {isa = PBXFileReference; fileEncoding = 4; lastKnownFileType = sourcecode.swift; path = Cleanup.swift; sourceTree = "<group>"; };
		063D7BEB23F248F100758D82 /* SlideCalibrate.swift */ = {isa = PBXFileReference; fileEncoding = 4; lastKnownFileType = sourcecode.swift; path = SlideCalibrate.swift; sourceTree = "<group>"; };
		063D7BED23F248F100758D82 /* SliderController.swift */ = {isa = PBXFileReference; fileEncoding = 4; lastKnownFileType = sourcecode.swift; path = SliderController.swift; sourceTree = "<group>"; };
		063D7BEE23F248F100758D82 /* VideoVC.swift */ = {isa = PBXFileReference; fileEncoding = 4; lastKnownFileType = sourcecode.swift; path = VideoVC.swift; sourceTree = "<group>"; };
		063D7BEF23F248F100758D82 /* VideoPlayerView.swift */ = {isa = PBXFileReference; fileEncoding = 4; lastKnownFileType = sourcecode.swift; path = VideoPlayerView.swift; sourceTree = "<group>"; };
		063D7BF023F248F100758D82 /* VideoViewSetup.swift */ = {isa = PBXFileReference; fileEncoding = 4; lastKnownFileType = sourcecode.swift; path = VideoViewSetup.swift; sourceTree = "<group>"; };
		063D7BF223F248F100758D82 /* Latch.swift */ = {isa = PBXFileReference; fileEncoding = 4; lastKnownFileType = sourcecode.swift; path = Latch.swift; sourceTree = "<group>"; };
		063D7BF323F248F100758D82 /* Timer.swift */ = {isa = PBXFileReference; fileEncoding = 4; lastKnownFileType = sourcecode.swift; path = Timer.swift; sourceTree = "<group>"; };
		063D7BF423F248F100758D82 /* Sounds.swift */ = {isa = PBXFileReference; fileEncoding = 4; lastKnownFileType = sourcecode.swift; path = Sounds.swift; sourceTree = "<group>"; };
		063D7BF523F248F100758D82 /* PlayButton.swift */ = {isa = PBXFileReference; fileEncoding = 4; lastKnownFileType = sourcecode.swift; path = PlayButton.swift; sourceTree = "<group>"; };
		063D7BF623F248F100758D82 /* Prints.swift */ = {isa = PBXFileReference; fileEncoding = 4; lastKnownFileType = sourcecode.swift; path = Prints.swift; sourceTree = "<group>"; };
		063D7BF723F248F100758D82 /* Corrections.swift */ = {isa = PBXFileReference; fileEncoding = 4; lastKnownFileType = sourcecode.swift; path = Corrections.swift; sourceTree = "<group>"; };
		063D7BF923F248F100758D82 /* PlayBackwards.swift */ = {isa = PBXFileReference; fileEncoding = 4; lastKnownFileType = sourcecode.swift; path = PlayBackwards.swift; sourceTree = "<group>"; };
		063D7BFA23F248F100758D82 /* Parameters.swift */ = {isa = PBXFileReference; fileEncoding = 4; lastKnownFileType = sourcecode.swift; path = Parameters.swift; sourceTree = "<group>"; };
		063D7BFB23F248F100758D82 /* Seek.swift */ = {isa = PBXFileReference; fileEncoding = 4; lastKnownFileType = sourcecode.swift; path = Seek.swift; sourceTree = "<group>"; };
		063D7BFC23F248F100758D82 /* PlayerLife.swift */ = {isa = PBXFileReference; fileEncoding = 4; lastKnownFileType = sourcecode.swift; path = PlayerLife.swift; sourceTree = "<group>"; };
		063D7BFD23F248F100758D82 /* ProgBar.swift */ = {isa = PBXFileReference; fileEncoding = 4; lastKnownFileType = sourcecode.swift; path = ProgBar.swift; sourceTree = "<group>"; };
		063D7BFE23F248F100758D82 /* Pause.swift */ = {isa = PBXFileReference; fileEncoding = 4; lastKnownFileType = sourcecode.swift; path = Pause.swift; sourceTree = "<group>"; };
		063D7BFF23F248F100758D82 /* PlayForward.swift */ = {isa = PBXFileReference; fileEncoding = 4; lastKnownFileType = sourcecode.swift; path = PlayForward.swift; sourceTree = "<group>"; };
		063D7C0123F248F200758D82 /*  loadingScreen.m4v */ = {isa = PBXFileReference; lastKnownFileType = file; path = " loadingScreen.m4v"; sourceTree = "<group>"; };
		063D7C0223F248F200758D82 /* Funk.mp3 */ = {isa = PBXFileReference; lastKnownFileType = audio.mp3; path = Funk.mp3; sourceTree = "<group>"; };
		063D7C0423F248F200758D82 /* AltSettingsPanel.swift */ = {isa = PBXFileReference; fileEncoding = 4; lastKnownFileType = sourcecode.swift; path = AltSettingsPanel.swift; sourceTree = "<group>"; };
		063D7C0523F248F200758D82 /* SettingsPanel.swift */ = {isa = PBXFileReference; fileEncoding = 4; lastKnownFileType = sourcecode.swift; path = SettingsPanel.swift; sourceTree = "<group>"; };
		063D7C0723F248F200758D82 /* SettingsView.swift */ = {isa = PBXFileReference; fileEncoding = 4; lastKnownFileType = sourcecode.swift; path = SettingsView.swift; sourceTree = "<group>"; };
		063D7C0823F248F200758D82 /* MenuBar.swift */ = {isa = PBXFileReference; fileEncoding = 4; lastKnownFileType = sourcecode.swift; path = MenuBar.swift; sourceTree = "<group>"; };
		063D7C0923F248F200758D82 /* SliderView.swift */ = {isa = PBXFileReference; fileEncoding = 4; lastKnownFileType = sourcecode.swift; path = SliderView.swift; sourceTree = "<group>"; };
		063D7C0A23F248F200758D82 /* Settings.swift */ = {isa = PBXFileReference; fileEncoding = 4; lastKnownFileType = sourcecode.swift; path = Settings.swift; sourceTree = "<group>"; };
		063D7C0B23F248F200758D82 /* SettingsSetup.swift */ = {isa = PBXFileReference; fileEncoding = 4; lastKnownFileType = sourcecode.swift; path = SettingsSetup.swift; sourceTree = "<group>"; };
		063D7C0C23F248F200758D82 /* MenuTap&HBar.swift */ = {isa = PBXFileReference; fileEncoding = 4; lastKnownFileType = sourcecode.swift; path = "MenuTap&HBar.swift"; sourceTree = "<group>"; };
		063D7C0D23F248F200758D82 /* MessageView.swift */ = {isa = PBXFileReference; fileEncoding = 4; lastKnownFileType = sourcecode.swift; path = MessageView.swift; sourceTree = "<group>"; };
		06FAD3FB2404DE3900CF3E45 /* CalibrationVars.swift */ = {isa = PBXFileReference; lastKnownFileType = sourcecode.swift; path = CalibrationVars.swift; sourceTree = "<group>"; };
		06FAD3FD2404E34E00CF3E45 /* ControlVars.swift */ = {isa = PBXFileReference; lastKnownFileType = sourcecode.swift; path = ControlVars.swift; sourceTree = "<group>"; };
/* End PBXFileReference section */

/* Begin PBXFrameworksBuildPhase section */
		063D7B8323F245FD00758D82 /* Frameworks */ = {
			isa = PBXFrameworksBuildPhase;
			buildActionMask = 2147483647;
			files = (
			);
			runOnlyForDeploymentPostprocessing = 0;
		};
/* End PBXFrameworksBuildPhase section */

/* Begin PBXGroup section */
		063D7B7D23F245FD00758D82 = {
			isa = PBXGroup;
			children = (
				063D7BA023F2470600758D82 /* Notes.swift */,
				063D7BA123F2470600758D82 /* AppDelegate.swift */,
				063D7BA223F2470600758D82 /* AppLifecycle.swift */,
				063D7BA323F2470600758D82 /* Extensions.swift */,
				063D7BA823F2479D00758D82 /* Globals */,
				063D7BCE23F248F100758D82 /* Model */,
				063D7C0623F248F200758D82 /* View */,
				063D7BCB23F248F100758D82 /* ViewModel */,
				063D7BB823F2484A00758D82 /* Cells */,
				063D7BD723F248F100758D82 /* Video */,
				063D7C0323F248F200758D82 /* Settings */,
				063D7BB323F2484A00758D82 /* HomeViewController */,
				063D7BD223F248F100758D82 /* inactive */,
				063D7C0023F248F200758D82 /* Media */,
				063D7B8823F245FD00758D82 /* EyeCuePlayer */,
				063D7B8723F245FD00758D82 /* Products */,
			);
			sourceTree = "<group>";
		};
		063D7B8723F245FD00758D82 /* Products */ = {
			isa = PBXGroup;
			children = (
				063D7B8623F245FD00758D82 /* EyeCuePlayer.app */,
			);
			name = Products;
			sourceTree = "<group>";
		};
		063D7B8823F245FD00758D82 /* EyeCuePlayer */ = {
			isa = PBXGroup;
			children = (
				063D7B9523F245FE00758D82 /* Assets.xcassets */,
				063D7B9723F245FE00758D82 /* LaunchScreen.storyboard */,
				063D7B9A23F245FE00758D82 /* Info.plist */,
				063D7B9223F245FD00758D82 /* EyeCuePlayer.xcdatamodeld */,
			);
			path = EyeCuePlayer;
			sourceTree = "<group>";
		};
		063D7BA823F2479D00758D82 /* Globals */ = {
			isa = PBXGroup;
			children = (
				063D7BA923F2479D00758D82 /* CoreVars.swift */,
				063D7BAC23F2479D00758D82 /* GlobalFuncs.swift */,
				063D7BAB23F2479D00758D82 /* MediaVars.swift */,
				06FAD3FB2404DE3900CF3E45 /* CalibrationVars.swift */,
				06FAD3FD2404E34E00CF3E45 /* ControlVars.swift */,
				063D7BAA23F2479D00758D82 /* UIVars.swift */,
				063D7BAD23F2479D00758D82 /* Colors&Images.swift */,
			);
			name = Globals;
			path = EyeCuePlayer/Globals;
			sourceTree = "<group>";
		};
		063D7BB323F2484A00758D82 /* HomeViewController */ = {
			isa = PBXGroup;
			children = (
				063D7BB423F2484A00758D82 /* HomeVCUI.swift */,
				063D7BB523F2484A00758D82 /* HomeVCLife.swift */,
				063D7BB623F2484A00758D82 /* HomeVC.swift */,
				063D7BB723F2484A00758D82 /* HomeVCSetup.swift */,
			);
			name = HomeViewController;
			path = EyeCuePlayer/HomeViewController;
			sourceTree = "<group>";
		};
		063D7BB823F2484A00758D82 /* Cells */ = {
			isa = PBXGroup;
			children = (
				063D7BB923F2484A00758D82 /* VideoCell.swift */,
				063D7BBA23F2484A00758D82 /* VideoCellSetup.swift */,
				063D7BBB23F2484A00758D82 /* BaseCell.swift */,
				063D7BBC23F2484A00758D82 /* MenuCell.swift */,
				063D7BBD23F2484A00758D82 /* TapFCellButtons.swift */,
				063D7BBE23F2484A00758D82 /* FeedCell.swift */,
				063D7BBF23F2484A00758D82 /* TapFeedCell.swift */,
			);
			name = Cells;
			path = EyeCuePlayer/Cells;
			sourceTree = "<group>";
		};
		063D7BCB23F248F100758D82 /* ViewModel */ = {
			isa = PBXGroup;
			children = (
				063D7BCC23F248F100758D82 /* CachedImgView.swift */,
				063D7BCD23F248F100758D82 /* SaveDocument.swift */,
			);
			name = ViewModel;
			path = EyeCuePlayer/ViewModel;
			sourceTree = "<group>";
		};
		063D7BCE23F248F100758D82 /* Model */ = {
			isa = PBXGroup;
			children = (
				063D7BCF23F248F100758D82 /* APIService.swift */,
				063D7BD023F248F100758D82 /* Feeds1toN.swift */,
				063D7BD123F248F100758D82 /* Video.swift */,
			);
			name = Model;
			path = EyeCuePlayer/Model;
			sourceTree = "<group>";
		};
		063D7BD223F248F100758D82 /* inactive */ = {
			isa = PBXGroup;
			children = (
				063D7BD323F248F100758D82 /* SliderTimer(CurrentlyInactive).swift */,
				063D7BD423F248F100758D82 /* Timer(CurrentlyInactive).swift */,
				063D7BD523F248F100758D82 /* SlowMoController.swift */,
				063D7BD623F248F100758D82 /* InactiveVisuals.swift */,
			);
			name = inactive;
			path = EyeCuePlayer/inactive;
			sourceTree = "<group>";
		};
		063D7BD723F248F100758D82 /* Video */ = {
			isa = PBXGroup;
			children = (
				063D7BD823F248F100758D82 /* Captions */,
				063D7BDD23F248F100758D82 /* VideoGestures */,
				063D7BE623F248F100758D82 /* Calibration */,
				063D7BEC23F248F100758D82 /* Video(Core) */,
				063D7BF123F248F100758D82 /* PlaybackAids */,
				063D7BF823F248F100758D82 /* Playback */,
			);
			name = Video;
			path = EyeCuePlayer/Video;
			sourceTree = "<group>";
		};
		063D7BD823F248F100758D82 /* Captions */ = {
			isa = PBXGroup;
			children = (
				063D7BD923F248F100758D82 /* MessageUI.swift */,
				063D7BDA23F248F100758D82 /* MessageVC.swift */,
				063D7BDB23F248F100758D82 /* Transitions.swift */,
				063D7BDC23F248F100758D82 /* TransVisuals.swift */,
			);
			path = Captions;
			sourceTree = "<group>";
		};
		063D7BDD23F248F100758D82 /* VideoGestures */ = {
			isa = PBXGroup;
			children = (
				063D7BDE23F248F100758D82 /* Tap.swift */,
				063D7BDF23F248F100758D82 /* SlideSeek.swift */,
				063D7BE023F248F100758D82 /* SwipeRight.swift */,
				063D7BE123F248F100758D82 /* SwipeLeft.swift */,
				063D7BE223F248F100758D82 /* Pinch.swift */,
				063D7BE323F248F100758D82 /* LongPress.swift */,
				063D7BE423F248F100758D82 /* SwipeVertical.swift */,
				063D7BE523F248F100758D82 /* AddGestures.swift */,
			);
			path = VideoGestures;
			sourceTree = "<group>";
		};
		063D7BE623F248F100758D82 /* Calibration */ = {
			isa = PBXGroup;
			children = (
				063D7BE723F248F100758D82 /* TapToConvert.swift */,
				063D7BE823F248F100758D82 /* Calibrate.swift */,
				063D7BE923F248F100758D82 /* PixelDetector.swift */,
				063D7BEA23F248F100758D82 /* Cleanup.swift */,
				063D7BEB23F248F100758D82 /* SlideCalibrate.swift */,
			);
			path = Calibration;
			sourceTree = "<group>";
		};
		063D7BEC23F248F100758D82 /* Video(Core) */ = {
			isa = PBXGroup;
			children = (
				063D7BED23F248F100758D82 /* SliderController.swift */,
				063D7BEE23F248F100758D82 /* VideoVC.swift */,
				063D7BEF23F248F100758D82 /* VideoPlayerView.swift */,
				063D7BF023F248F100758D82 /* VideoViewSetup.swift */,
			);
			path = "Video(Core)";
			sourceTree = "<group>";
		};
		063D7BF123F248F100758D82 /* PlaybackAids */ = {
			isa = PBXGroup;
			children = (
				063D7BF223F248F100758D82 /* Latch.swift */,
				063D7BF323F248F100758D82 /* Timer.swift */,
				063D7BF423F248F100758D82 /* Sounds.swift */,
				063D7BF523F248F100758D82 /* PlayButton.swift */,
				063D7BF623F248F100758D82 /* Prints.swift */,
				063D7BF723F248F100758D82 /* Corrections.swift */,
			);
			path = PlaybackAids;
			sourceTree = "<group>";
		};
		063D7BF823F248F100758D82 /* Playback */ = {
			isa = PBXGroup;
			children = (
				063D7BF923F248F100758D82 /* PlayBackwards.swift */,
				063D7BFA23F248F100758D82 /* Parameters.swift */,
				063D7BFB23F248F100758D82 /* Seek.swift */,
				063D7BFC23F248F100758D82 /* PlayerLife.swift */,
				063D7BFD23F248F100758D82 /* ProgBar.swift */,
				063D7BFE23F248F100758D82 /* Pause.swift */,
				063D7BFF23F248F100758D82 /* PlayForward.swift */,
			);
			path = Playback;
			sourceTree = "<group>";
		};
		063D7C0023F248F200758D82 /* Media */ = {
			isa = PBXGroup;
			children = (
				063D7C0123F248F200758D82 /*  loadingScreen.m4v */,
				063D7C0223F248F200758D82 /* Funk.mp3 */,
			);
			name = Media;
			path = EyeCuePlayer/Media;
			sourceTree = "<group>";
		};
		063D7C0323F248F200758D82 /* Settings */ = {
			isa = PBXGroup;
			children = (
				063D7C0423F248F200758D82 /* AltSettingsPanel.swift */,
				063D7C0523F248F200758D82 /* SettingsPanel.swift */,
			);
			name = Settings;
			path = EyeCuePlayer/Settings;
			sourceTree = "<group>";
		};
		063D7C0623F248F200758D82 /* View */ = {
			isa = PBXGroup;
			children = (
				063D7C0823F248F200758D82 /* MenuBar.swift */,
				063D7C0923F248F200758D82 /* SliderView.swift */,
				063D7C0B23F248F200758D82 /* SettingsSetup.swift */,
				063D7C0C23F248F200758D82 /* MenuTap&HBar.swift */,
				063D7C0D23F248F200758D82 /* MessageView.swift */,
				063D7C0723F248F200758D82 /* SettingsView.swift */,
				063D7C0A23F248F200758D82 /* Settings.swift */,
			);
			name = View;
			path = EyeCuePlayer/View;
			sourceTree = "<group>";
		};
/* End PBXGroup section */

/* Begin PBXNativeTarget section */
		063D7B8523F245FD00758D82 /* EyeCuePlayer */ = {
			isa = PBXNativeTarget;
			buildConfigurationList = 063D7B9D23F245FE00758D82 /* Build configuration list for PBXNativeTarget "EyeCuePlayer" */;
			buildPhases = (
				063D7B8223F245FD00758D82 /* Sources */,
				063D7B8323F245FD00758D82 /* Frameworks */,
				063D7B8423F245FD00758D82 /* Resources */,
			);
			buildRules = (
			);
			dependencies = (
			);
			name = EyeCuePlayer;
			productName = EyeCuePlayer;
			productReference = 063D7B8623F245FD00758D82 /* EyeCuePlayer.app */;
			productType = "com.apple.product-type.application";
		};
/* End PBXNativeTarget section */

/* Begin PBXProject section */
		063D7B7E23F245FD00758D82 /* Project object */ = {
			isa = PBXProject;
			attributes = {
				LastSwiftUpdateCheck = 1130;
				LastUpgradeCheck = 1130;
				ORGANIZATIONNAME = "Garth Snyder";
				TargetAttributes = {
					063D7B8523F245FD00758D82 = {
						CreatedOnToolsVersion = 11.3.1;
						LastSwiftMigration = 1130;
					};
				};
			};
			buildConfigurationList = 063D7B8123F245FD00758D82 /* Build configuration list for PBXProject "EyeCuePlayer" */;
			compatibilityVersion = "Xcode 9.3";
			developmentRegion = en;
			hasScannedForEncodings = 0;
			knownRegions = (
				en,
				Base,
			);
			mainGroup = 063D7B7D23F245FD00758D82;
			productRefGroup = 063D7B8723F245FD00758D82 /* Products */;
			projectDirPath = "";
			projectRoot = "";
			targets = (
				063D7B8523F245FD00758D82 /* EyeCuePlayer */,
			);
		};
/* End PBXProject section */

/* Begin PBXResourcesBuildPhase section */
		063D7B8423F245FD00758D82 /* Resources */ = {
			isa = PBXResourcesBuildPhase;
			buildActionMask = 2147483647;
			files = (
				063D7B9923F245FE00758D82 /* LaunchScreen.storyboard in Resources */,
				063D7B9623F245FE00758D82 /* Assets.xcassets in Resources */,
				063D7C3A23F248F200758D82 /* Funk.mp3 in Resources */,
				063D7C3923F248F200758D82 /*  loadingScreen.m4v in Resources */,
			);
			runOnlyForDeploymentPostprocessing = 0;
		};
/* End PBXResourcesBuildPhase section */

/* Begin PBXSourcesBuildPhase section */
		063D7B8223F245FD00758D82 /* Sources */ = {
			isa = PBXSourcesBuildPhase;
			buildActionMask = 2147483647;
			files = (
				063D7C3523F248F200758D82 /* PlayerLife.swift in Sources */,
				063D7BA723F2470600758D82 /* Extensions.swift in Sources */,
				063D7C2423F248F200758D82 /* Calibrate.swift in Sources */,
				063D7C1323F248F200758D82 /* SliderTimer(CurrentlyInactive).swift in Sources */,
				063D7C4023F248F200758D82 /* Settings.swift in Sources */,
				063D7BC923F2484A00758D82 /* FeedCell.swift in Sources */,
				063D7C1E23F248F200758D82 /* SwipeLeft.swift in Sources */,
				063D7BC023F2484A00758D82 /* HomeVCUI.swift in Sources */,
				063D7C2C23F248F200758D82 /* Latch.swift in Sources */,
				063D7C3023F248F200758D82 /* Prints.swift in Sources */,
				063D7C3223F248F200758D82 /* PlayBackwards.swift in Sources */,
				063D7C2623F248F200758D82 /* Cleanup.swift in Sources */,
				063D7BC723F2484A00758D82 /* MenuCell.swift in Sources */,
				063D7BA523F2470600758D82 /* AppDelegate.swift in Sources */,
				063D7BC823F2484A00758D82 /* TapFCellButtons.swift in Sources */,
				063D7B9423F245FD00758D82 /* EyeCuePlayer.xcdatamodeld in Sources */,
				063D7C2123F248F200758D82 /* SwipeVertical.swift in Sources */,
				063D7C1823F248F200758D82 /* MessageVC.swift in Sources */,
				063D7BC223F2484A00758D82 /* HomeVC.swift in Sources */,
				063D7C3D23F248F200758D82 /* SettingsView.swift in Sources */,
				063D7C3B23F248F200758D82 /* AltSettingsPanel.swift in Sources */,
				063D7BC423F2484A00758D82 /* VideoCell.swift in Sources */,
				063D7C2F23F248F200758D82 /* PlayButton.swift in Sources */,
				063D7C2523F248F200758D82 /* PixelDetector.swift in Sources */,
				063D7C1223F248F200758D82 /* Video.swift in Sources */,
				063D7BCA23F2484A00758D82 /* TapFeedCell.swift in Sources */,
				063D7C3823F248F200758D82 /* PlayForward.swift in Sources */,
				063D7C3E23F248F200758D82 /* MenuBar.swift in Sources */,
				063D7BC323F2484A00758D82 /* HomeVCSetup.swift in Sources */,
				063D7C2A23F248F200758D82 /* VideoPlayerView.swift in Sources */,
				063D7C1523F248F200758D82 /* SlowMoController.swift in Sources */,
				063D7C1C23F248F200758D82 /* SlideSeek.swift in Sources */,
				063D7BC523F2484A00758D82 /* VideoCellSetup.swift in Sources */,
				063D7BA623F2470600758D82 /* AppLifecycle.swift in Sources */,
				063D7C4223F248F200758D82 /* MenuTap&HBar.swift in Sources */,
				063D7C1723F248F200758D82 /* MessageUI.swift in Sources */,
				063D7BAF23F2479D00758D82 /* UIVars.swift in Sources */,
				063D7C1123F248F200758D82 /* Feeds1toN.swift in Sources */,
				063D7C2223F248F200758D82 /* AddGestures.swift in Sources */,
				063D7C4323F248F200758D82 /* MessageView.swift in Sources */,
				063D7BAE23F2479D00758D82 /* CoreVars.swift in Sources */,
				063D7C1423F248F200758D82 /* Timer(CurrentlyInactive).swift in Sources */,
				063D7BC623F2484A00758D82 /* BaseCell.swift in Sources */,
				063D7C2323F248F200758D82 /* TapToConvert.swift in Sources */,
				063D7C2E23F248F200758D82 /* Sounds.swift in Sources */,
				063D7C1D23F248F200758D82 /* SwipeRight.swift in Sources */,
				063D7C3623F248F200758D82 /* ProgBar.swift in Sources */,
				063D7C4123F248F200758D82 /* SettingsSetup.swift in Sources */,
				06FAD3FE2404E34E00CF3E45 /* ControlVars.swift in Sources */,
				063D7C2923F248F200758D82 /* VideoVC.swift in Sources */,
				063D7BB223F2479D00758D82 /* Colors&Images.swift in Sources */,
				063D7BB023F2479D00758D82 /* MediaVars.swift in Sources */,
				063D7BC123F2484A00758D82 /* HomeVCLife.swift in Sources */,
				063D7C2723F248F200758D82 /* SlideCalibrate.swift in Sources */,
				063D7C3323F248F200758D82 /* Parameters.swift in Sources */,
				063D7C0F23F248F200758D82 /* SaveDocument.swift in Sources */,
				063D7C1B23F248F200758D82 /* Tap.swift in Sources */,
				063D7BA423F2470600758D82 /* Notes.swift in Sources */,
				063D7C1A23F248F200758D82 /* TransVisuals.swift in Sources */,
				063D7C3F23F248F200758D82 /* SliderView.swift in Sources */,
				063D7C3723F248F200758D82 /* Pause.swift in Sources */,
				063D7C3C23F248F200758D82 /* SettingsPanel.swift in Sources */,
				063D7C2823F248F200758D82 /* SliderController.swift in Sources */,
				063D7C1623F248F200758D82 /* InactiveVisuals.swift in Sources */,
				063D7C0E23F248F200758D82 /* CachedImgView.swift in Sources */,
				063D7C1923F248F200758D82 /* Transitions.swift in Sources */,
				063D7C1023F248F200758D82 /* APIService.swift in Sources */,
				063D7C3423F248F200758D82 /* Seek.swift in Sources */,
				063D7C2B23F248F200758D82 /* VideoViewSetup.swift in Sources */,
				06FAD3FC2404DE3900CF3E45 /* CalibrationVars.swift in Sources */,
				063D7BB123F2479D00758D82 /* GlobalFuncs.swift in Sources */,
				063D7C3123F248F200758D82 /* Corrections.swift in Sources */,
				063D7C1F23F248F200758D82 /* Pinch.swift in Sources */,
				063D7C2D23F248F200758D82 /* Timer.swift in Sources */,
				063D7C2023F248F200758D82 /* LongPress.swift in Sources */,
			);
			runOnlyForDeploymentPostprocessing = 0;
		};
/* End PBXSourcesBuildPhase section */

/* Begin PBXVariantGroup section */
		063D7B9723F245FE00758D82 /* LaunchScreen.storyboard */ = {
			isa = PBXVariantGroup;
			children = (
				063D7B9823F245FE00758D82 /* Base */,
			);
			name = LaunchScreen.storyboard;
			sourceTree = "<group>";
		};
/* End PBXVariantGroup section */

/* Begin XCBuildConfiguration section */
		063D7B9B23F245FE00758D82 /* Debug */ = {
			isa = XCBuildConfiguration;
			buildSettings = {
				ALWAYS_SEARCH_USER_PATHS = NO;
				CLANG_ANALYZER_NONNULL = YES;
				CLANG_ANALYZER_NUMBER_OBJECT_CONVERSION = YES_AGGRESSIVE;
				CLANG_CXX_LANGUAGE_STANDARD = "gnu++14";
				CLANG_CXX_LIBRARY = "libc++";
				CLANG_ENABLE_MODULES = YES;
				CLANG_ENABLE_OBJC_ARC = YES;
				CLANG_ENABLE_OBJC_WEAK = YES;
				CLANG_WARN_BLOCK_CAPTURE_AUTORELEASING = YES;
				CLANG_WARN_BOOL_CONVERSION = YES;
				CLANG_WARN_COMMA = YES;
				CLANG_WARN_CONSTANT_CONVERSION = YES;
				CLANG_WARN_DEPRECATED_OBJC_IMPLEMENTATIONS = YES;
				CLANG_WARN_DIRECT_OBJC_ISA_USAGE = YES_ERROR;
				CLANG_WARN_DOCUMENTATION_COMMENTS = YES;
				CLANG_WARN_EMPTY_BODY = YES;
				CLANG_WARN_ENUM_CONVERSION = YES;
				CLANG_WARN_INFINITE_RECURSION = YES;
				CLANG_WARN_INT_CONVERSION = YES;
				CLANG_WARN_NON_LITERAL_NULL_CONVERSION = YES;
				CLANG_WARN_OBJC_IMPLICIT_RETAIN_SELF = YES;
				CLANG_WARN_OBJC_LITERAL_CONVERSION = YES;
				CLANG_WARN_OBJC_ROOT_CLASS = YES_ERROR;
				CLANG_WARN_RANGE_LOOP_ANALYSIS = YES;
				CLANG_WARN_STRICT_PROTOTYPES = YES;
				CLANG_WARN_SUSPICIOUS_MOVE = YES;
				CLANG_WARN_UNGUARDED_AVAILABILITY = YES_AGGRESSIVE;
				CLANG_WARN_UNREACHABLE_CODE = YES;
				CLANG_WARN__DUPLICATE_METHOD_MATCH = YES;
				COPY_PHASE_STRIP = NO;
				DEBUG_INFORMATION_FORMAT = dwarf;
				ENABLE_STRICT_OBJC_MSGSEND = YES;
				ENABLE_TESTABILITY = YES;
				GCC_C_LANGUAGE_STANDARD = gnu11;
				GCC_DYNAMIC_NO_PIC = NO;
				GCC_NO_COMMON_BLOCKS = YES;
				GCC_OPTIMIZATION_LEVEL = 0;
				GCC_PREPROCESSOR_DEFINITIONS = (
					"DEBUG=1",
					"$(inherited)",
				);
				GCC_WARN_64_TO_32_BIT_CONVERSION = YES;
				GCC_WARN_ABOUT_RETURN_TYPE = YES_ERROR;
				GCC_WARN_UNDECLARED_SELECTOR = YES;
				GCC_WARN_UNINITIALIZED_AUTOS = YES_AGGRESSIVE;
				GCC_WARN_UNUSED_FUNCTION = YES;
				GCC_WARN_UNUSED_VARIABLE = YES;
				IPHONEOS_DEPLOYMENT_TARGET = 13.0;
				MTL_ENABLE_DEBUG_INFO = INCLUDE_SOURCE;
				MTL_FAST_MATH = YES;
				ONLY_ACTIVE_ARCH = YES;
				SDKROOT = iphoneos;
				SWIFT_ACTIVE_COMPILATION_CONDITIONS = DEBUG;
				SWIFT_OPTIMIZATION_LEVEL = "-Onone";
			};
			name = Debug;
		};
		063D7B9C23F245FE00758D82 /* Release */ = {
			isa = XCBuildConfiguration;
			buildSettings = {
				ALWAYS_SEARCH_USER_PATHS = NO;
				CLANG_ANALYZER_NONNULL = YES;
				CLANG_ANALYZER_NUMBER_OBJECT_CONVERSION = YES_AGGRESSIVE;
				CLANG_CXX_LANGUAGE_STANDARD = "gnu++14";
				CLANG_CXX_LIBRARY = "libc++";
				CLANG_ENABLE_MODULES = YES;
				CLANG_ENABLE_OBJC_ARC = YES;
				CLANG_ENABLE_OBJC_WEAK = YES;
				CLANG_WARN_BLOCK_CAPTURE_AUTORELEASING = YES;
				CLANG_WARN_BOOL_CONVERSION = YES;
				CLANG_WARN_COMMA = YES;
				CLANG_WARN_CONSTANT_CONVERSION = YES;
				CLANG_WARN_DEPRECATED_OBJC_IMPLEMENTATIONS = YES;
				CLANG_WARN_DIRECT_OBJC_ISA_USAGE = YES_ERROR;
				CLANG_WARN_DOCUMENTATION_COMMENTS = YES;
				CLANG_WARN_EMPTY_BODY = YES;
				CLANG_WARN_ENUM_CONVERSION = YES;
				CLANG_WARN_INFINITE_RECURSION = YES;
				CLANG_WARN_INT_CONVERSION = YES;
				CLANG_WARN_NON_LITERAL_NULL_CONVERSION = YES;
				CLANG_WARN_OBJC_IMPLICIT_RETAIN_SELF = YES;
				CLANG_WARN_OBJC_LITERAL_CONVERSION = YES;
				CLANG_WARN_OBJC_ROOT_CLASS = YES_ERROR;
				CLANG_WARN_RANGE_LOOP_ANALYSIS = YES;
				CLANG_WARN_STRICT_PROTOTYPES = YES;
				CLANG_WARN_SUSPICIOUS_MOVE = YES;
				CLANG_WARN_UNGUARDED_AVAILABILITY = YES_AGGRESSIVE;
				CLANG_WARN_UNREACHABLE_CODE = YES;
				CLANG_WARN__DUPLICATE_METHOD_MATCH = YES;
				COPY_PHASE_STRIP = NO;
				DEBUG_INFORMATION_FORMAT = "dwarf-with-dsym";
				ENABLE_NS_ASSERTIONS = NO;
				ENABLE_STRICT_OBJC_MSGSEND = YES;
				GCC_C_LANGUAGE_STANDARD = gnu11;
				GCC_NO_COMMON_BLOCKS = YES;
				GCC_WARN_64_TO_32_BIT_CONVERSION = YES;
				GCC_WARN_ABOUT_RETURN_TYPE = YES_ERROR;
				GCC_WARN_UNDECLARED_SELECTOR = YES;
				GCC_WARN_UNINITIALIZED_AUTOS = YES_AGGRESSIVE;
				GCC_WARN_UNUSED_FUNCTION = YES;
				GCC_WARN_UNUSED_VARIABLE = YES;
				IPHONEOS_DEPLOYMENT_TARGET = 13.0;
				MTL_ENABLE_DEBUG_INFO = NO;
				MTL_FAST_MATH = YES;
				SDKROOT = iphoneos;
				SWIFT_COMPILATION_MODE = wholemodule;
				SWIFT_OPTIMIZATION_LEVEL = "-O";
				VALIDATE_PRODUCT = YES;
			};
			name = Release;
		};
		063D7B9E23F245FE00758D82 /* Debug */ = {
			isa = XCBuildConfiguration;
			buildSettings = {
				ASSETCATALOG_COMPILER_APPICON_NAME = AppIcon;
				CLANG_ENABLE_MODULES = YES;
				CODE_SIGN_STYLE = Automatic;
				DEVELOPMENT_TEAM = KX84NTAHJ6;
				INFOPLIST_FILE = EyeCuePlayer/Info.plist;
				LD_RUNPATH_SEARCH_PATHS = (
					"$(inherited)",
					"@executable_path/Frameworks",
				);
				PRODUCT_BUNDLE_IDENTIFIER = com.example.EyeCuePlayer;
				PRODUCT_NAME = "$(TARGET_NAME)";
				SWIFT_OPTIMIZATION_LEVEL = "-Onone";
				SWIFT_VERSION = 5.0;
				TARGETED_DEVICE_FAMILY = "1,2";
			};
			name = Debug;
		};
		063D7B9F23F245FE00758D82 /* Release */ = {
			isa = XCBuildConfiguration;
			buildSettings = {
				ASSETCATALOG_COMPILER_APPICON_NAME = AppIcon;
				CLANG_ENABLE_MODULES = YES;
				CODE_SIGN_STYLE = Automatic;
				DEVELOPMENT_TEAM = KX84NTAHJ6;
				INFOPLIST_FILE = EyeCuePlayer/Info.plist;
				LD_RUNPATH_SEARCH_PATHS = (
					"$(inherited)",
					"@executable_path/Frameworks",
				);
				PRODUCT_BUNDLE_IDENTIFIER = com.example.EyeCuePlayer;
				PRODUCT_NAME = "$(TARGET_NAME)";
				SWIFT_VERSION = 5.0;
				TARGETED_DEVICE_FAMILY = "1,2";
			};
			name = Release;
		};
/* End XCBuildConfiguration section */

/* Begin XCConfigurationList section */
		063D7B8123F245FD00758D82 /* Build configuration list for PBXProject "EyeCuePlayer" */ = {
			isa = XCConfigurationList;
			buildConfigurations = (
				063D7B9B23F245FE00758D82 /* Debug */,
				063D7B9C23F245FE00758D82 /* Release */,
			);
			defaultConfigurationIsVisible = 0;
			defaultConfigurationName = Release;
		};
		063D7B9D23F245FE00758D82 /* Build configuration list for PBXNativeTarget "EyeCuePlayer" */ = {
			isa = XCConfigurationList;
			buildConfigurations = (
				063D7B9E23F245FE00758D82 /* Debug */,
				063D7B9F23F245FE00758D82 /* Release */,
			);
			defaultConfigurationIsVisible = 0;
			defaultConfigurationName = Release;
		};
/* End XCConfigurationList section */

/* Begin XCVersionGroup section */
		063D7B9223F245FD00758D82 /* EyeCuePlayer.xcdatamodeld */ = {
			isa = XCVersionGroup;
			children = (
				063D7B9323F245FD00758D82 /* EyeCuePlayer.xcdatamodel */,
			);
			currentVersion = 063D7B9323F245FD00758D82 /* EyeCuePlayer.xcdatamodel */;
			path = EyeCuePlayer.xcdatamodeld;
			sourceTree = "<group>";
			versionGroupType = wrapper.xcdatamodel;
		};
/* End XCVersionGroup section */
	};
	rootObject = 063D7B7E23F245FD00758D82 /* Project object */;
}
